
Microsoft Visual Studio Solution File, Format Version 12.00
# Visual Studio 15
VisualStudioVersion = 15.0.28010.2050
MinimumVisualStudioVersion = 10.0.40219.1
Project("{FAE04EC0-301F-11D3-BF4B-00C04F79EFBC}") = "Comunicacion entre formas", "Comunicacion entre formas\Comunicacion entre formas.csproj", "{5D4A0456-8925-43BB-B8F9-E6E5F03D5C4D}"
EndProject
Global
	GlobalSection(SolutionConfigurationPlatforms) = preSolution
		Debug|Any CPU = Debug|Any CPU
		Release|Any CPU = Release|Any CPU
	EndGlobalSection
	GlobalSection(ProjectConfigurationPlatforms) = postSolution
		{5D4A0456-8925-43BB-B8F9-E6E5F03D5C4D}.Debug|Any CPU.ActiveCfg = Debug|Any CPU
		{5D4A0456-8925-43BB-B8F9-E6E5F03D5C4D}.Debug|Any CPU.Build.0 = Debug|Any CPU
		{5D4A0456-8925-43BB-B8F9-E6E5F03D5C4D}.Release|Any CPU.ActiveCfg = Release|Any CPU
		{5D4A0456-8925-43BB-B8F9-E6E5F03D5C4D}.Release|Any CPU.Build.0 = Release|Any CPU
	EndGlobalSection
	GlobalSection(SolutionProperties) = preSolution
		HideSolutionNode = FALSE
	EndGlobalSection
	GlobalSection(ExtensibilityGlobals) = postSolution
		SolutionGuid = {9D8B980A-2BF4-47D3-9132-2036564FC517}
	EndGlobalSection
EndGlobal
